
Microsoft Visual Studio Solution File, Format Version 12.00
# Visual Studio 2012
Project("{FAE04EC0-301F-11D3-BF4B-00C04F79EFBC}") = "CourseProject2e", "CourseProject2e\CourseProject2e.csproj", "{7508E27D-4D4C-442B-9C84-EDBCD3CB6F39}"
EndProject
Project("{FAE04EC0-301F-11D3-BF4B-00C04F79EFBC}") = "CourseProject4ag", "CourseProject4ag\CourseProject4ag.csproj", "{B33866DE-5D1F-4E7A-B474-A034D315ACF4}"
EndProject
Global
	GlobalSection(SolutionConfigurationPlatforms) = preSolution
		Debug|Any CPU = Debug|Any CPU
		Release|Any CPU = Release|Any CPU
	EndGlobalSection
	GlobalSection(ProjectConfigurationPlatforms) = postSolution
		{7508E27D-4D4C-442B-9C84-EDBCD3CB6F39}.Debug|Any CPU.ActiveCfg = Debug|Any CPU
		{7508E27D-4D4C-442B-9C84-EDBCD3CB6F39}.Debug|Any CPU.Build.0 = Debug|Any CPU
		{7508E27D-4D4C-442B-9C84-EDBCD3CB6F39}.Release|Any CPU.ActiveCfg = Release|Any CPU
		{7508E27D-4D4C-442B-9C84-EDBCD3CB6F39}.Release|Any CPU.Build.0 = Release|Any CPU
		{B33866DE-5D1F-4E7A-B474-A034D315ACF4}.Debug|Any CPU.ActiveCfg = Debug|Any CPU
		{B33866DE-5D1F-4E7A-B474-A034D315ACF4}.Debug|Any CPU.Build.0 = Debug|Any CPU
		{B33866DE-5D1F-4E7A-B474-A034D315ACF4}.Release|Any CPU.ActiveCfg = Release|Any CPU
		{B33866DE-5D1F-4E7A-B474-A034D315ACF4}.Release|Any CPU.Build.0 = Release|Any CPU
	EndGlobalSection
	GlobalSection(SolutionProperties) = preSolution
		HideSolutionNode = FALSE
	EndGlobalSection
EndGlobal
